
Microsoft Visual Studio Solution File, Format Version 12.00
# Visual Studio 15
VisualStudioVersion = 15.0.27703.2047
MinimumVisualStudioVersion = 10.0.40219.1
Project("{FAE04EC0-301F-11D3-BF4B-00C04F79EFBC}") = "WebApplication1", "WebApplication1\WebApplication1.csproj", "{FFE6D10D-2A1B-4E31-968F-81E2D0A879A7}"
EndProject
Global
	GlobalSection(SolutionConfigurationPlatforms) = preSolution
		Debug|Any CPU = Debug|Any CPU
		Release|Any CPU = Release|Any CPU
	EndGlobalSection
	GlobalSection(ProjectConfigurationPlatforms) = postSolution
		{FFE6D10D-2A1B-4E31-968F-81E2D0A879A7}.Debug|Any CPU.ActiveCfg = Debug|Any CPU
		{FFE6D10D-2A1B-4E31-968F-81E2D0A879A7}.Debug|Any CPU.Build.0 = Debug|Any CPU
		{FFE6D10D-2A1B-4E31-968F-81E2D0A879A7}.Release|Any CPU.ActiveCfg = Release|Any CPU
		{FFE6D10D-2A1B-4E31-968F-81E2D0A879A7}.Release|Any CPU.Build.0 = Release|Any CPU
	EndGlobalSection
	GlobalSection(SolutionProperties) = preSolution
		HideSolutionNode = FALSE
	EndGlobalSection
	GlobalSection(ExtensibilityGlobals) = postSolution
		SolutionGuid = {4404B987-1514-43A2-B104-992CF9B75777}
	EndGlobalSection
EndGlobal
